// !$*UTF8*$!
{
	archiveVersion = 1;
	classes = {
	};
	objectVersion = 77;
	objects = {

/* Begin PBXBuildFile section */
		0095F628492434D711106883 /* DoseHistory.swift in Sources */ = {isa = PBXBuildFile; fileRef = AC15055E6771D801102EC9C9 /* DoseHistory.swift */; };
		045CCDD24062ED7063B6088B /* Medicine.swift in Sources */ = {isa = PBXBuildFile; fileRef = FE8709EBF31233D0B7C9A4E5 /* Medicine.swift */; };
		0915333F96E8ECE84EDA8433 /* AppDelegate.swift in Sources */ = {isa = PBXBuildFile; fileRef = DBAE1CDD7C18E89E24C2D4FF /* AppDelegate.swift */; };
		15C7D37A7BC25F7ED4F24B0D /* Assets.xcassets in Resources */ = {isa = PBXBuildFile; fileRef = 18E1667F1E82617EC2779CA4 /* Assets.xcassets */; };
		2118471371F396914896935D /* ViewModelTests.swift in Sources */ = {isa = PBXBuildFile; fileRef = 4591254037AC78E779F7CAEC /* ViewModelTests.swift */; };
		21239F2D4F704C71D5AB1C28 /* MedicineDetailViewModel.swift in Sources */ = {isa = PBXBuildFile; fileRef = 760C7684C834B1E4F86314A3 /* MedicineDetailViewModel.swift */; };
		372778440604EDC1EE375B6C /* FirebaseCore in Frameworks */ = {isa = PBXBuildFile; productRef = EC5B0C3D1DAC4C6E99690035 /* FirebaseCore */; };
		49B3E67419EE32A784909049 /* ReminderViewModel.swift in Sources */ = {isa = PBXBuildFile; fileRef = 38EFCF294AF35EC4E9F80AC4 /* ReminderViewModel.swift */; };
		4D4B23EE6BB35B4CD1417549 /* Reminder.swift in Sources */ = {isa = PBXBuildFile; fileRef = A7DEEE759A27D6FC4258AA06 /* Reminder.swift */; };
		54059657BF546AEB610F0440 /* ContentView.swift in Sources */ = {isa = PBXBuildFile; fileRef = 2A68CFCD6214092FD41F06BC /* ContentView.swift */; };
		5844DBD1B865583A2E726B7E /* MedicineRowView.swift in Sources */ = {isa = PBXBuildFile; fileRef = 83140821E5E52343DF597077 /* MedicineRowView.swift */; };
		5B26AFCD43373F3FE55B758E /* MedicineListViewModel.swift in Sources */ = {isa = PBXBuildFile; fileRef = 80781B8B8CAB9AF25CEA1C0B /* MedicineListViewModel.swift */; };
		63007D81AF801913AC290039 /* PersistenceController.swift in Sources */ = {isa = PBXBuildFile; fileRef = 5B95CA23A497EC24A848D300 /* PersistenceController.swift */; };
		64348D96B4E530892DC164FB /* DrugSearchView.swift in Sources */ = {isa = PBXBuildFile; fileRef = 920942EA26CBDA3BE1CAE391 /* DrugSearchView.swift */; };
		651D87471ECE575A52A14ABF /* AddMedicineView.swift in Sources */ = {isa = PBXBuildFile; fileRef = 09CBEB0672AB4B5F9C5E1701 /* AddMedicineView.swift */; };
		67F2F8A661EBFC9E8E856FEC /* ReminderListView.swift in Sources */ = {isa = PBXBuildFile; fileRef = 188143F938E3C968925BA578 /* ReminderListView.swift */; };
		6F33CA57B35E04EF0A1D0EAC /* AddReminderView.swift in Sources */ = {isa = PBXBuildFile; fileRef = 0D35D07D030F3B22C7E1770B /* AddReminderView.swift */; };
		7028529044D310153C7B952A /* AuthService.swift in Sources */ = {isa = PBXBuildFile; fileRef = 3AADF7A30CF0F39834C68310 /* AuthService.swift */; };
		7658634E38F55DF98BED01CA /* DoseHistoryView.swift in Sources */ = {isa = PBXBuildFile; fileRef = 76F8E2944AAD47C5FF1D077C /* DoseHistoryView.swift */; };
		77DDD9B3539A9528E28C7208 /* UserDataSyncService.swift in Sources */ = {isa = PBXBuildFile; fileRef = 62470AA367F9D627D0FD6E53 /* UserDataSyncService.swift */; };
		86385E226B7C27827D6CDD4C /* AuthenticatedUser.swift in Sources */ = {isa = PBXBuildFile; fileRef = 5B4FF1751FDFC58EEA231CF3 /* AuthenticatedUser.swift */; };
		8A29C77663988F676A93DB3F /* AuthGateView.swift in Sources */ = {isa = PBXBuildFile; fileRef = 8A12D589AA7B2801D5B4D4BC /* AuthGateView.swift */; };
		8C7271E162567DDEDC2EAFDA /* CalendarView.swift in Sources */ = {isa = PBXBuildFile; fileRef = F6D79B7CB3FBEACB987E6CF7 /* CalendarView.swift */; };
		8CE42035B057444083B4BB63 /* DrugSearchViewModel.swift in Sources */ = {isa = PBXBuildFile; fileRef = 0EBC1CAFBA85E96B05B3F351 /* DrugSearchViewModel.swift */; };
		97F7D61102129130EADF35F6 /* MedicineListView.swift in Sources */ = {isa = PBXBuildFile; fileRef = 5FF3A53137F454A5B428F6AD /* MedicineListView.swift */; };
		9E1FD61B23BE0802A6913097 /* DoseHistoryViewModel.swift in Sources */ = {isa = PBXBuildFile; fileRef = 78027CB0172ED9D887B4ACF5 /* DoseHistoryViewModel.swift */; };
		A4F14BAFAC809D16E509FDCE /* UserSessionStore.swift in Sources */ = {isa = PBXBuildFile; fileRef = 4877C553A78217CCC407707F /* UserSessionStore.swift */; };
		A7EEFB9A79817F6CDE354C46 /* TimePickerField.swift in Sources */ = {isa = PBXBuildFile; fileRef = 1E37DD88B71DBCFF7CF2CC7D /* TimePickerField.swift */; };
		AB0FE9743016501231B85082 /* FirebaseFirestore in Frameworks */ = {isa = PBXBuildFile; productRef = 7FC8E75ADA651E5D34109F56 /* FirebaseFirestore */; };
		B4ABB084F8E47680FD5B2484 /* FirebaseBootstrapper.swift in Sources */ = {isa = PBXBuildFile; fileRef = 403E964948076548E800AFEE /* FirebaseBootstrapper.swift */; };
		C575AA8D35D7C61B9DA63154 /* ModelTests.swift in Sources */ = {isa = PBXBuildFile; fileRef = 1A613057110366672D0615DB /* ModelTests.swift */; };
		CAA399563553521897AC945E /* Constants.swift in Sources */ = {isa = PBXBuildFile; fileRef = A9D3B01CBCE53A6239264B1D /* Constants.swift */; };
		CCD7F882DF1C798FAF4F83A9 /* MedicineDetailView.swift in Sources */ = {isa = PBXBuildFile; fileRef = ED11FCA83101069EFACE80DB /* MedicineDetailView.swift */; };
		CEBD19C4C216E5CE23FE02AA /* DoseBadge.swift in Sources */ = {isa = PBXBuildFile; fileRef = 6E4D596CDA8D0C6510DB0756 /* DoseBadge.swift */; };
		D088988BC546CB1AF0634C78 /* MediReminderApp.swift in Sources */ = {isa = PBXBuildFile; fileRef = F9515BEC7E4DEF599C63318F /* MediReminderApp.swift */; };
		DF7AD35AE63E75D349A8F2F7 /* FirebaseAuth in Frameworks */ = {isa = PBXBuildFile; productRef = 8721E12A66B89B40E6D2A6ED /* FirebaseAuth */; };
		E46DA2A87D6DFD96C6959BA8 /* NotificationService.swift in Sources */ = {isa = PBXBuildFile; fileRef = C9176415C7B9076B14DA9F9A /* NotificationService.swift */; };
		E9C6F854F58E7D0A420DED83 /* OpenFDAServiceTests.swift in Sources */ = {isa = PBXBuildFile; fileRef = CAC0C05A215F9285D39A4DF2 /* OpenFDAServiceTests.swift */; };
		F83AE1DFBF97D9FE2707BC93 /* OpenFDAService.swift in Sources */ = {isa = PBXBuildFile; fileRef = 136D548D07004CECD0B0EE15 /* OpenFDAService.swift */; };
		FB727D2525D814F9BB51B6D8 /* Extensions.swift in Sources */ = {isa = PBXBuildFile; fileRef = 8E6F9621C90501CEFD63C2BD /* Extensions.swift */; };
		FC8C1BBEFA503686DE70DD10 /* DeviceIdentityService.swift in Sources */ = {isa = PBXBuildFile; fileRef = 49B0FDB101211C55900C6A1C /* DeviceIdentityService.swift */; };
/* End PBXBuildFile section */

/* Begin PBXContainerItemProxy section */
		5B44EA7AADBFBA7C1DE362B6 /* PBXContainerItemProxy */ = {
			isa = PBXContainerItemProxy;
			containerPortal = 3ECE8F41976F04F8674FF383 /* Project object */;
			proxyType = 1;
			remoteGlobalIDString = E44CC31EF40878BC86A093D3;
			remoteInfo = MediReminder;
		};
/* End PBXContainerItemProxy section */

/* Begin PBXFileReference section */
		09CBEB0672AB4B5F9C5E1701 /* AddMedicineView.swift */ = {isa = PBXFileReference; lastKnownFileType = sourcecode.swift; path = AddMedicineView.swift; sourceTree = "<group>"; };
		0D35D07D030F3B22C7E1770B /* AddReminderView.swift */ = {isa = PBXFileReference; lastKnownFileType = sourcecode.swift; path = AddReminderView.swift; sourceTree = "<group>"; };
		0EBC1CAFBA85E96B05B3F351 /* DrugSearchViewModel.swift */ = {isa = PBXFileReference; lastKnownFileType = sourcecode.swift; path = DrugSearchViewModel.swift; sourceTree = "<group>"; };
		136D548D07004CECD0B0EE15 /* OpenFDAService.swift */ = {isa = PBXFileReference; lastKnownFileType = sourcecode.swift; path = OpenFDAService.swift; sourceTree = "<group>"; };
		188143F938E3C968925BA578 /* ReminderListView.swift */ = {isa = PBXFileReference; lastKnownFileType = sourcecode.swift; path = ReminderListView.swift; sourceTree = "<group>"; };
		18E1667F1E82617EC2779CA4 /* Assets.xcassets */ = {isa = PBXFileReference; lastKnownFileType = folder.assetcatalog; path = Assets.xcassets; sourceTree = "<group>"; };
		19BED17AEB341B00D240C3E2 /* MediReminder.app */ = {isa = PBXFileReference; includeInIndex = 0; lastKnownFileType = wrapper.application; path = MediReminder.app; sourceTree = BUILT_PRODUCTS_DIR; };
		1A613057110366672D0615DB /* ModelTests.swift */ = {isa = PBXFileReference; lastKnownFileType = sourcecode.swift; path = ModelTests.swift; sourceTree = "<group>"; };
		1E37DD88B71DBCFF7CF2CC7D /* TimePickerField.swift */ = {isa = PBXFileReference; lastKnownFileType = sourcecode.swift; path = TimePickerField.swift; sourceTree = "<group>"; };
		2A68CFCD6214092FD41F06BC /* ContentView.swift */ = {isa = PBXFileReference; lastKnownFileType = sourcecode.swift; path = ContentView.swift; sourceTree = "<group>"; };
		38EFCF294AF35EC4E9F80AC4 /* ReminderViewModel.swift */ = {isa = PBXFileReference; lastKnownFileType = sourcecode.swift; path = ReminderViewModel.swift; sourceTree = "<group>"; };
		3AADF7A30CF0F39834C68310 /* AuthService.swift */ = {isa = PBXFileReference; lastKnownFileType = sourcecode.swift; path = AuthService.swift; sourceTree = "<group>"; };
		403E964948076548E800AFEE /* FirebaseBootstrapper.swift */ = {isa = PBXFileReference; lastKnownFileType = sourcecode.swift; path = FirebaseBootstrapper.swift; sourceTree = "<group>"; };
		4591254037AC78E779F7CAEC /* ViewModelTests.swift */ = {isa = PBXFileReference; lastKnownFileType = sourcecode.swift; path = ViewModelTests.swift; sourceTree = "<group>"; };
		4877C553A78217CCC407707F /* UserSessionStore.swift */ = {isa = PBXFileReference; lastKnownFileType = sourcecode.swift; path = UserSessionStore.swift; sourceTree = "<group>"; };
		49B0FDB101211C55900C6A1C /* DeviceIdentityService.swift */ = {isa = PBXFileReference; lastKnownFileType = sourcecode.swift; path = DeviceIdentityService.swift; sourceTree = "<group>"; };
		53092E8175B9165860ADA188 /* Info.plist */ = {isa = PBXFileReference; lastKnownFileType = text.plist; path = Info.plist; sourceTree = "<group>"; };
		5B4FF1751FDFC58EEA231CF3 /* AuthenticatedUser.swift */ = {isa = PBXFileReference; lastKnownFileType = sourcecode.swift; path = AuthenticatedUser.swift; sourceTree = "<group>"; };
		5B95CA23A497EC24A848D300 /* PersistenceController.swift */ = {isa = PBXFileReference; lastKnownFileType = sourcecode.swift; path = PersistenceController.swift; sourceTree = "<group>"; };
		5FF3A53137F454A5B428F6AD /* MedicineListView.swift */ = {isa = PBXFileReference; lastKnownFileType = sourcecode.swift; path = MedicineListView.swift; sourceTree = "<group>"; };
		62470AA367F9D627D0FD6E53 /* UserDataSyncService.swift */ = {isa = PBXFileReference; lastKnownFileType = sourcecode.swift; path = UserDataSyncService.swift; sourceTree = "<group>"; };
		6E4D596CDA8D0C6510DB0756 /* DoseBadge.swift */ = {isa = PBXFileReference; lastKnownFileType = sourcecode.swift; path = DoseBadge.swift; sourceTree = "<group>"; };
		760C7684C834B1E4F86314A3 /* MedicineDetailViewModel.swift */ = {isa = PBXFileReference; lastKnownFileType = sourcecode.swift; path = MedicineDetailViewModel.swift; sourceTree = "<group>"; };
		76F8E2944AAD47C5FF1D077C /* DoseHistoryView.swift */ = {isa = PBXFileReference; lastKnownFileType = sourcecode.swift; path = DoseHistoryView.swift; sourceTree = "<group>"; };
		78027CB0172ED9D887B4ACF5 /* DoseHistoryViewModel.swift */ = {isa = PBXFileReference; lastKnownFileType = sourcecode.swift; path = DoseHistoryViewModel.swift; sourceTree = "<group>"; };
		80781B8B8CAB9AF25CEA1C0B /* MedicineListViewModel.swift */ = {isa = PBXFileReference; lastKnownFileType = sourcecode.swift; path = MedicineListViewModel.swift; sourceTree = "<group>"; };
		83140821E5E52343DF597077 /* MedicineRowView.swift */ = {isa = PBXFileReference; lastKnownFileType = sourcecode.swift; path = MedicineRowView.swift; sourceTree = "<group>"; };
		8A12D589AA7B2801D5B4D4BC /* AuthGateView.swift */ = {isa = PBXFileReference; lastKnownFileType = sourcecode.swift; path = AuthGateView.swift; sourceTree = "<group>"; };
		8E6F9621C90501CEFD63C2BD /* Extensions.swift */ = {isa = PBXFileReference; lastKnownFileType = sourcecode.swift; path = Extensions.swift; sourceTree = "<group>"; };
		920942EA26CBDA3BE1CAE391 /* DrugSearchView.swift */ = {isa = PBXFileReference; lastKnownFileType = sourcecode.swift; path = DrugSearchView.swift; sourceTree = "<group>"; };
		A7DEEE759A27D6FC4258AA06 /* Reminder.swift */ = {isa = PBXFileReference; lastKnownFileType = sourcecode.swift; path = Reminder.swift; sourceTree = "<group>"; };
		A9D3B01CBCE53A6239264B1D /* Constants.swift */ = {isa = PBXFileReference; lastKnownFileType = sourcecode.swift; path = Constants.swift; sourceTree = "<group>"; };
		AC15055E6771D801102EC9C9 /* DoseHistory.swift */ = {isa = PBXFileReference; lastKnownFileType = sourcecode.swift; path = DoseHistory.swift; sourceTree = "<group>"; };
		C9176415C7B9076B14DA9F9A /* NotificationService.swift */ = {isa = PBXFileReference; lastKnownFileType = sourcecode.swift; path = NotificationService.swift; sourceTree = "<group>"; };
		CAC0C05A215F9285D39A4DF2 /* OpenFDAServiceTests.swift */ = {isa = PBXFileReference; lastKnownFileType = sourcecode.swift; path = OpenFDAServiceTests.swift; sourceTree = "<group>"; };
		DBAE1CDD7C18E89E24C2D4FF /* AppDelegate.swift */ = {isa = PBXFileReference; lastKnownFileType = sourcecode.swift; path = AppDelegate.swift; sourceTree = "<group>"; };
		ED11FCA83101069EFACE80DB /* MedicineDetailView.swift */ = {isa = PBXFileReference; lastKnownFileType = sourcecode.swift; path = MedicineDetailView.swift; sourceTree = "<group>"; };
		F6D79B7CB3FBEACB987E6CF7 /* CalendarView.swift */ = {isa = PBXFileReference; lastKnownFileType = sourcecode.swift; path = CalendarView.swift; sourceTree = "<group>"; };
		F9515BEC7E4DEF599C63318F /* MediReminderApp.swift */ = {isa = PBXFileReference; lastKnownFileType = sourcecode.swift; path = MediReminderApp.swift; sourceTree = "<group>"; };
		FBB9E1D50FD7A9DE5FFE35F8 /* MediReminderTests.xctest */ = {isa = PBXFileReference; includeInIndex = 0; lastKnownFileType = wrapper.cfbundle; path = MediReminderTests.xctest; sourceTree = BUILT_PRODUCTS_DIR; };
		FE8709EBF31233D0B7C9A4E5 /* Medicine.swift */ = {isa = PBXFileReference; lastKnownFileType = sourcecode.swift; path = Medicine.swift; sourceTree = "<group>"; };
/* End PBXFileReference section */

/* Begin PBXFrameworksBuildPhase section */
		F54F31DFC270C41AD1A81E9A /* Frameworks */ = {
			isa = PBXFrameworksBuildPhase;
			buildActionMask = 2147483647;
			files = (
				372778440604EDC1EE375B6C /* FirebaseCore in Frameworks */,
				DF7AD35AE63E75D349A8F2F7 /* FirebaseAuth in Frameworks */,
				AB0FE9743016501231B85082 /* FirebaseFirestore in Frameworks */,
			);
			runOnlyForDeploymentPostprocessing = 0;
		};
/* End PBXFrameworksBuildPhase section */

/* Begin PBXGroup section */
		18D5987E7AD7779709383D51 /* Models */ = {
			isa = PBXGroup;
			children = (
				5B4FF1751FDFC58EEA231CF3 /* AuthenticatedUser.swift */,
				AC15055E6771D801102EC9C9 /* DoseHistory.swift */,
				FE8709EBF31233D0B7C9A4E5 /* Medicine.swift */,
				A7DEEE759A27D6FC4258AA06 /* Reminder.swift */,
			);
			path = Models;
			sourceTree = "<group>";
		};
		1A3EE5F586C0BF10DF45FE1F /* Resources */ = {
			isa = PBXGroup;
			children = (
				18E1667F1E82617EC2779CA4 /* Assets.xcassets */,
				53092E8175B9165860ADA188 /* Info.plist */,
			);
			path = Resources;
			sourceTree = "<group>";
		};
		2413733C4609AEA1C9FCDA2C /* Components */ = {
			isa = PBXGroup;
			children = (
				6E4D596CDA8D0C6510DB0756 /* DoseBadge.swift */,
				83140821E5E52343DF597077 /* MedicineRowView.swift */,
				1E37DD88B71DBCFF7CF2CC7D /* TimePickerField.swift */,
			);
			path = Components;
			sourceTree = "<group>";
		};
		3FB8DE821AA8382FC838FA3A /* Auth */ = {
			isa = PBXGroup;
			children = (
				8A12D589AA7B2801D5B4D4BC /* AuthGateView.swift */,
			);
			path = Auth;
			sourceTree = "<group>";
		};
		7A300868FE0FFDFFA47770E7 /* Reminder */ = {
			isa = PBXGroup;
			children = (
				0D35D07D030F3B22C7E1770B /* AddReminderView.swift */,
				188143F938E3C968925BA578 /* ReminderListView.swift */,
			);
			path = Reminder;
			sourceTree = "<group>";
		};
		7D4ECFE3F00A1AEE95905E3D = {
			isa = PBXGroup;
			children = (
				B56D11DBC394102A0C7E7EB5 /* MediReminder */,
				A337151FBF4DB5D38F0EF0FE /* MediReminderTests */,
				B71F7E4AF4C328878A59430D /* Products */,
			);
			sourceTree = "<group>";
		};
		8265596B51D70B43782D0065 /* Services */ = {
			isa = PBXGroup;
			children = (
				3AADF7A30CF0F39834C68310 /* AuthService.swift */,
				49B0FDB101211C55900C6A1C /* DeviceIdentityService.swift */,
				403E964948076548E800AFEE /* FirebaseBootstrapper.swift */,
				C9176415C7B9076B14DA9F9A /* NotificationService.swift */,
				136D548D07004CECD0B0EE15 /* OpenFDAService.swift */,
				5B95CA23A497EC24A848D300 /* PersistenceController.swift */,
				62470AA367F9D627D0FD6E53 /* UserDataSyncService.swift */,
				4877C553A78217CCC407707F /* UserSessionStore.swift */,
			);
			path = Services;
			sourceTree = "<group>";
		};
		9029CE389F8E6DC7F5D47D0B /* Medicine */ = {
			isa = PBXGroup;
			children = (
				09CBEB0672AB4B5F9C5E1701 /* AddMedicineView.swift */,
				ED11FCA83101069EFACE80DB /* MedicineDetailView.swift */,
				5FF3A53137F454A5B428F6AD /* MedicineListView.swift */,
			);
			path = Medicine;
			sourceTree = "<group>";
		};
		9B8BB2BC6BB373A98ACFAF1D /* App */ = {
			isa = PBXGroup;
			children = (
				DBAE1CDD7C18E89E24C2D4FF /* AppDelegate.swift */,
				F9515BEC7E4DEF599C63318F /* MediReminderApp.swift */,
			);
			path = App;
			sourceTree = "<group>";
		};
		A337151FBF4DB5D38F0EF0FE /* MediReminderTests */ = {
			isa = PBXGroup;
			children = (
				1A613057110366672D0615DB /* ModelTests.swift */,
				CAC0C05A215F9285D39A4DF2 /* OpenFDAServiceTests.swift */,
				4591254037AC78E779F7CAEC /* ViewModelTests.swift */,
			);
			path = MediReminderTests;
			sourceTree = "<group>";
		};
		A686E9E814ECF8A80899C2DC /* History */ = {
			isa = PBXGroup;
			children = (
				F6D79B7CB3FBEACB987E6CF7 /* CalendarView.swift */,
				76F8E2944AAD47C5FF1D077C /* DoseHistoryView.swift */,
			);
			path = History;
			sourceTree = "<group>";
		};
		B56D11DBC394102A0C7E7EB5 /* MediReminder */ = {
			isa = PBXGroup;
			children = (
				9B8BB2BC6BB373A98ACFAF1D /* App */,
				18D5987E7AD7779709383D51 /* Models */,
				1A3EE5F586C0BF10DF45FE1F /* Resources */,
				8265596B51D70B43782D0065 /* Services */,
				F21970CEE84EDD57B306C448 /* Utilities */,
				FB1F942A1D4A373E126CF6B5 /* ViewModels */,
				D6917A0C30385E0B2642CDF7 /* Views */,
			);
			path = MediReminder;
			sourceTree = "<group>";
		};
		B71F7E4AF4C328878A59430D /* Products */ = {
			isa = PBXGroup;
			children = (
				19BED17AEB341B00D240C3E2 /* MediReminder.app */,
				FBB9E1D50FD7A9DE5FFE35F8 /* MediReminderTests.xctest */,
			);
			name = Products;
			sourceTree = "<group>";
		};
		D6917A0C30385E0B2642CDF7 /* Views */ = {
			isa = PBXGroup;
			children = (
				3FB8DE821AA8382FC838FA3A /* Auth */,
				2413733C4609AEA1C9FCDA2C /* Components */,
				A686E9E814ECF8A80899C2DC /* History */,
				9029CE389F8E6DC7F5D47D0B /* Medicine */,
				7A300868FE0FFDFFA47770E7 /* Reminder */,
				E1EDE3AA15BCD32899762514 /* Search */,
				2A68CFCD6214092FD41F06BC /* ContentView.swift */,
			);
			path = Views;
			sourceTree = "<group>";
		};
		E1EDE3AA15BCD32899762514 /* Search */ = {
			isa = PBXGroup;
			children = (
				920942EA26CBDA3BE1CAE391 /* DrugSearchView.swift */,
			);
			path = Search;
			sourceTree = "<group>";
		};
		F21970CEE84EDD57B306C448 /* Utilities */ = {
			isa = PBXGroup;
			children = (
				A9D3B01CBCE53A6239264B1D /* Constants.swift */,
				8E6F9621C90501CEFD63C2BD /* Extensions.swift */,
			);
			path = Utilities;
			sourceTree = "<group>";
		};
		FB1F942A1D4A373E126CF6B5 /* ViewModels */ = {
			isa = PBXGroup;
			children = (
				78027CB0172ED9D887B4ACF5 /* DoseHistoryViewModel.swift */,
				0EBC1CAFBA85E96B05B3F351 /* DrugSearchViewModel.swift */,
				760C7684C834B1E4F86314A3 /* MedicineDetailViewModel.swift */,
				80781B8B8CAB9AF25CEA1C0B /* MedicineListViewModel.swift */,
				38EFCF294AF35EC4E9F80AC4 /* ReminderViewModel.swift */,
			);
			path = ViewModels;
			sourceTree = "<group>";
		};
/* End PBXGroup section */

/* Begin PBXNativeTarget section */
		912FC0507CDF75CEDB4ECC5D /* MediReminderTests */ = {
			isa = PBXNativeTarget;
			buildConfigurationList = 16F34807B4683B2FC80EAFD0 /* Build configuration list for PBXNativeTarget "MediReminderTests" */;
			buildPhases = (
				76F7543753BCC68A0455E9EE /* Sources */,
			);
			buildRules = (
			);
			dependencies = (
				BF7D89F2BE1E22E82108CE0D /* PBXTargetDependency */,
			);
			name = MediReminderTests;
			packageProductDependencies = (
			);
			productName = MediReminderTests;
			productReference = FBB9E1D50FD7A9DE5FFE35F8 /* MediReminderTests.xctest */;
			productType = "com.apple.product-type.bundle.unit-test";
		};
		E44CC31EF40878BC86A093D3 /* MediReminder */ = {
			isa = PBXNativeTarget;
			buildConfigurationList = 5A8346C200B375596634A183 /* Build configuration list for PBXNativeTarget "MediReminder" */;
			buildPhases = (
				B3F47B5AAB919D26E8E871DC /* Sources */,
				68A428CF465C7D83E983F4B7 /* Resources */,
				F54F31DFC270C41AD1A81E9A /* Frameworks */,
			);
			buildRules = (
			);
			dependencies = (
			);
			name = MediReminder;
			packageProductDependencies = (
				EC5B0C3D1DAC4C6E99690035 /* FirebaseCore */,
				8721E12A66B89B40E6D2A6ED /* FirebaseAuth */,
				7FC8E75ADA651E5D34109F56 /* FirebaseFirestore */,
			);
			productName = MediReminder;
			productReference = 19BED17AEB341B00D240C3E2 /* MediReminder.app */;
			productType = "com.apple.product-type.application";
		};
/* End PBXNativeTarget section */

/* Begin PBXProject section */
		3ECE8F41976F04F8674FF383 /* Project object */ = {
			isa = PBXProject;
			attributes = {
				BuildIndependentTargetsInParallel = YES;
				LastUpgradeCheck = 1500;
				TargetAttributes = {
					912FC0507CDF75CEDB4ECC5D = {
						DevelopmentTeam = "";
					};
					E44CC31EF40878BC86A093D3 = {
						DevelopmentTeam = "";
						ProvisioningStyle = Automatic;
					};
				};
			};
			buildConfigurationList = AA5709F814F69AE7D8EB188B /* Build configuration list for PBXProject "MediReminder" */;
			compatibilityVersion = "Xcode 14.0";
			developmentRegion = en;
			hasScannedForEncodings = 0;
			knownRegions = (
				Base,
				en,
			);
			mainGroup = 7D4ECFE3F00A1AEE95905E3D;
			minimizedProjectReferenceProxies = 1;
			packageReferences = (
				83FC930F81F61454B27E4AAF /* XCRemoteSwiftPackageReference "firebase-ios-sdk" */,
			);
			preferredProjectObjectVersion = 77;
			projectDirPath = "";
			projectRoot = "";
			targets = (
				E44CC31EF40878BC86A093D3 /* MediReminder */,
				912FC0507CDF75CEDB4ECC5D /* MediReminderTests */,
			);
		};
/* End PBXProject section */

/* Begin PBXResourcesBuildPhase section */
		68A428CF465C7D83E983F4B7 /* Resources */ = {
			isa = PBXResourcesBuildPhase;
			buildActionMask = 2147483647;
			files = (
				15C7D37A7BC25F7ED4F24B0D /* Assets.xcassets in Resources */,
			);
			runOnlyForDeploymentPostprocessing = 0;
		};
/* End PBXResourcesBuildPhase section */

/* Begin PBXSourcesBuildPhase section */
		76F7543753BCC68A0455E9EE /* Sources */ = {
			isa = PBXSourcesBuildPhase;
			buildActionMask = 2147483647;
			files = (
				C575AA8D35D7C61B9DA63154 /* ModelTests.swift in Sources */,
				E9C6F854F58E7D0A420DED83 /* OpenFDAServiceTests.swift in Sources */,
				2118471371F396914896935D /* ViewModelTests.swift in Sources */,
			);
			runOnlyForDeploymentPostprocessing = 0;
		};
		B3F47B5AAB919D26E8E871DC /* Sources */ = {
			isa = PBXSourcesBuildPhase;
			buildActionMask = 2147483647;
			files = (
				651D87471ECE575A52A14ABF /* AddMedicineView.swift in Sources */,
				6F33CA57B35E04EF0A1D0EAC /* AddReminderView.swift in Sources */,
				0915333F96E8ECE84EDA8433 /* AppDelegate.swift in Sources */,
				8A29C77663988F676A93DB3F /* AuthGateView.swift in Sources */,
				7028529044D310153C7B952A /* AuthService.swift in Sources */,
				86385E226B7C27827D6CDD4C /* AuthenticatedUser.swift in Sources */,
				8C7271E162567DDEDC2EAFDA /* CalendarView.swift in Sources */,
				CAA399563553521897AC945E /* Constants.swift in Sources */,
				54059657BF546AEB610F0440 /* ContentView.swift in Sources */,
				FC8C1BBEFA503686DE70DD10 /* DeviceIdentityService.swift in Sources */,
				CEBD19C4C216E5CE23FE02AA /* DoseBadge.swift in Sources */,
				0095F628492434D711106883 /* DoseHistory.swift in Sources */,
				7658634E38F55DF98BED01CA /* DoseHistoryView.swift in Sources */,
				9E1FD61B23BE0802A6913097 /* DoseHistoryViewModel.swift in Sources */,
				64348D96B4E530892DC164FB /* DrugSearchView.swift in Sources */,
				8CE42035B057444083B4BB63 /* DrugSearchViewModel.swift in Sources */,
				FB727D2525D814F9BB51B6D8 /* Extensions.swift in Sources */,
				B4ABB084F8E47680FD5B2484 /* FirebaseBootstrapper.swift in Sources */,
				D088988BC546CB1AF0634C78 /* MediReminderApp.swift in Sources */,
				045CCDD24062ED7063B6088B /* Medicine.swift in Sources */,
				CCD7F882DF1C798FAF4F83A9 /* MedicineDetailView.swift in Sources */,
				21239F2D4F704C71D5AB1C28 /* MedicineDetailViewModel.swift in Sources */,
				97F7D61102129130EADF35F6 /* MedicineListView.swift in Sources */,
				5B26AFCD43373F3FE55B758E /* MedicineListViewModel.swift in Sources */,
				5844DBD1B865583A2E726B7E /* MedicineRowView.swift in Sources */,
				E46DA2A87D6DFD96C6959BA8 /* NotificationService.swift in Sources */,
				F83AE1DFBF97D9FE2707BC93 /* OpenFDAService.swift in Sources */,
				63007D81AF801913AC290039 /* PersistenceController.swift in Sources */,
				4D4B23EE6BB35B4CD1417549 /* Reminder.swift in Sources */,
				67F2F8A661EBFC9E8E856FEC /* ReminderListView.swift in Sources */,
				49B3E67419EE32A784909049 /* ReminderViewModel.swift in Sources */,
				A7EEFB9A79817F6CDE354C46 /* TimePickerField.swift in Sources */,
				77DDD9B3539A9528E28C7208 /* UserDataSyncService.swift in Sources */,
				A4F14BAFAC809D16E509FDCE /* UserSessionStore.swift in Sources */,
			);
			runOnlyForDeploymentPostprocessing = 0;
		};
/* End PBXSourcesBuildPhase section */

/* Begin PBXTargetDependency section */
		BF7D89F2BE1E22E82108CE0D /* PBXTargetDependency */ = {
			isa = PBXTargetDependency;
			target = E44CC31EF40878BC86A093D3 /* MediReminder */;
			targetProxy = 5B44EA7AADBFBA7C1DE362B6 /* PBXContainerItemProxy */;
		};
/* End PBXTargetDependency section */

/* Begin XCBuildConfiguration section */
		0AC65306C59F4259DB250942 /* Release */ = {
			isa = XCBuildConfiguration;
			buildSettings = {
				ALWAYS_SEARCH_USER_PATHS = NO;
				ASSETCATALOG_COMPILER_APPICON_NAME = AppIcon;
				CLANG_ANALYZER_NONNULL = YES;
				CLANG_ANALYZER_NUMBER_OBJECT_CONVERSION = YES_AGGRESSIVE;
				CLANG_CXX_LANGUAGE_STANDARD = "gnu++14";
				CLANG_CXX_LIBRARY = "libc++";
				CLANG_ENABLE_MODULES = YES;
				CLANG_ENABLE_OBJC_ARC = YES;
				CLANG_ENABLE_OBJC_WEAK = YES;
				CLANG_WARN_BLOCK_CAPTURE_AUTORELEASING = YES;
				CLANG_WARN_BOOL_CONVERSION = YES;
				CLANG_WARN_COMMA = YES;
				CLANG_WARN_CONSTANT_CONVERSION = YES;
				CLANG_WARN_DEPRECATED_OBJC_IMPLEMENTATIONS = YES;
				CLANG_WARN_DIRECT_OBJC_ISA_USAGE = YES_ERROR;
				CLANG_WARN_DOCUMENTATION_COMMENTS = YES;
				CLANG_WARN_EMPTY_BODY = YES;
				CLANG_WARN_ENUM_CONVERSION = YES;
				CLANG_WARN_INFINITE_RECURSION = YES;
				CLANG_WARN_INT_CONVERSION = YES;
				CLANG_WARN_NON_LITERAL_NULL_CONVERSION = YES;
				CLANG_WARN_OBJC_IMPLICIT_RETAIN_SELF = YES;
				CLANG_WARN_OBJC_LITERAL_CONVERSION = YES;
				CLANG_WARN_OBJC_ROOT_CLASS = YES_ERROR;
				CLANG_WARN_QUOTED_INCLUDE_IN_FRAMEWORK_HEADER = YES;
				CLANG_WARN_RANGE_LOOP_ANALYSIS = YES;
				CLANG_WARN_STRICT_PROTOTYPES = YES;
				CLANG_WARN_SUSPICIOUS_MOVE = YES;
				CLANG_WARN_UNGUARDED_AVAILABILITY = YES_AGGRESSIVE;
				CLANG_WARN_UNREACHABLE_CODE = YES;
				CLANG_WARN__DUPLICATE_METHOD_MATCH = YES;
				COPY_PHASE_STRIP = NO;
				DEBUG_INFORMATION_FORMAT = "dwarf-with-dsym";
				DEVELOPMENT_TEAM = "";
				ENABLE_NS_ASSERTIONS = NO;
				ENABLE_STRICT_OBJC_MSGSEND = YES;
				GCC_C_LANGUAGE_STANDARD = gnu11;
				GCC_NO_COMMON_BLOCKS = YES;
				GCC_WARN_64_TO_32_BIT_CONVERSION = YES;
				GCC_WARN_ABOUT_RETURN_TYPE = YES_ERROR;
				GCC_WARN_UNDECLARED_SELECTOR = YES;
				GCC_WARN_UNINITIALIZED_AUTOS = YES_AGGRESSIVE;
				GCC_WARN_UNUSED_FUNCTION = YES;
				GCC_WARN_UNUSED_VARIABLE = YES;
				INFOPLIST_FILE = MediReminder/Resources/Info.plist;
				IPHONEOS_DEPLOYMENT_TARGET = 17.0;
				MTL_ENABLE_DEBUG_INFO = NO;
				MTL_FAST_MATH = YES;
				PRODUCT_NAME = "$(TARGET_NAME)";
				SDKROOT = iphoneos;
				SWIFT_COMPILATION_MODE = wholemodule;
				SWIFT_OPTIMIZATION_LEVEL = "-O";
				SWIFT_VERSION = 5.9;
				TARGETED_DEVICE_FAMILY = "1,2";
			};
			name = Release;
		};
		4114539E89328249B259D7CE /* Debug */ = {
			isa = XCBuildConfiguration;
			buildSettings = {
				BUNDLE_LOADER = "$(TEST_HOST)";
				IPHONEOS_DEPLOYMENT_TARGET = 17.0;
				LD_RUNPATH_SEARCH_PATHS = (
					"$(inherited)",
					"@executable_path/Frameworks",
					"@loader_path/Frameworks",
				);
				PRODUCT_BUNDLE_IDENTIFIER = com.medireminder.tests;
				SDKROOT = iphoneos;
				TARGETED_DEVICE_FAMILY = "1,2";
				TEST_HOST = "$(BUILT_PRODUCTS_DIR)/MediReminder.app/MediReminder";
			};
			name = Debug;
		};
		45051B4AA214EC471DD66125 /* Debug */ = {
			isa = XCBuildConfiguration;
			buildSettings = {
				ALWAYS_SEARCH_USER_PATHS = NO;
				ASSETCATALOG_COMPILER_APPICON_NAME = AppIcon;
				CLANG_ANALYZER_NONNULL = YES;
				CLANG_ANALYZER_NUMBER_OBJECT_CONVERSION = YES_AGGRESSIVE;
				CLANG_CXX_LANGUAGE_STANDARD = "gnu++14";
				CLANG_CXX_LIBRARY = "libc++";
				CLANG_ENABLE_MODULES = YES;
				CLANG_ENABLE_OBJC_ARC = YES;
				CLANG_ENABLE_OBJC_WEAK = YES;
				CLANG_WARN_BLOCK_CAPTURE_AUTORELEASING = YES;
				CLANG_WARN_BOOL_CONVERSION = YES;
				CLANG_WARN_COMMA = YES;
				CLANG_WARN_CONSTANT_CONVERSION = YES;
				CLANG_WARN_DEPRECATED_OBJC_IMPLEMENTATIONS = YES;
				CLANG_WARN_DIRECT_OBJC_ISA_USAGE = YES_ERROR;
				CLANG_WARN_DOCUMENTATION_COMMENTS = YES;
				CLANG_WARN_EMPTY_BODY = YES;
				CLANG_WARN_ENUM_CONVERSION = YES;
				CLANG_WARN_INFINITE_RECURSION = YES;
				CLANG_WARN_INT_CONVERSION = YES;
				CLANG_WARN_NON_LITERAL_NULL_CONVERSION = YES;
				CLANG_WARN_OBJC_IMPLICIT_RETAIN_SELF = YES;
				CLANG_WARN_OBJC_LITERAL_CONVERSION = YES;
				CLANG_WARN_OBJC_ROOT_CLASS = YES_ERROR;
				CLANG_WARN_QUOTED_INCLUDE_IN_FRAMEWORK_HEADER = YES;
				CLANG_WARN_RANGE_LOOP_ANALYSIS = YES;
				CLANG_WARN_STRICT_PROTOTYPES = YES;
				CLANG_WARN_SUSPICIOUS_MOVE = YES;
				CLANG_WARN_UNGUARDED_AVAILABILITY = YES_AGGRESSIVE;
				CLANG_WARN_UNREACHABLE_CODE = YES;
				CLANG_WARN__DUPLICATE_METHOD_MATCH = YES;
				COPY_PHASE_STRIP = NO;
				DEBUG_INFORMATION_FORMAT = dwarf;
				DEVELOPMENT_TEAM = "";
				ENABLE_STRICT_OBJC_MSGSEND = YES;
				ENABLE_TESTABILITY = YES;
				GCC_C_LANGUAGE_STANDARD = gnu11;
				GCC_DYNAMIC_NO_PIC = NO;
				GCC_NO_COMMON_BLOCKS = YES;
				GCC_OPTIMIZATION_LEVEL = 0;
				GCC_PREPROCESSOR_DEFINITIONS = (
					"$(inherited)",
					"DEBUG=1",
				);
				GCC_WARN_64_TO_32_BIT_CONVERSION = YES;
				GCC_WARN_ABOUT_RETURN_TYPE = YES_ERROR;
				GCC_WARN_UNDECLARED_SELECTOR = YES;
				GCC_WARN_UNINITIALIZED_AUTOS = YES_AGGRESSIVE;
				GCC_WARN_UNUSED_FUNCTION = YES;
				GCC_WARN_UNUSED_VARIABLE = YES;
				INFOPLIST_FILE = MediReminder/Resources/Info.plist;
				IPHONEOS_DEPLOYMENT_TARGET = 17.0;
				MTL_ENABLE_DEBUG_INFO = INCLUDE_SOURCE;
				MTL_FAST_MATH = YES;
				ONLY_ACTIVE_ARCH = YES;
				PRODUCT_NAME = "$(TARGET_NAME)";
				SDKROOT = iphoneos;
				SWIFT_ACTIVE_COMPILATION_CONDITIONS = DEBUG;
				SWIFT_OPTIMIZATION_LEVEL = "-Onone";
				SWIFT_VERSION = 5.9;
				TARGETED_DEVICE_FAMILY = "1,2";
			};
			name = Debug;
		};
		6523C88597BE62E7CE60E2CF /* Release */ = {
			isa = XCBuildConfiguration;
			buildSettings = {
				ASSETCATALOG_COMPILER_APPICON_NAME = AppIcon;
				CODE_SIGN_IDENTITY = "iPhone Developer";
				CODE_SIGN_STYLE = Automatic;
				INFOPLIST_FILE = MediReminder/Resources/Info.plist;
				IPHONEOS_DEPLOYMENT_TARGET = 17.0;
				LD_RUNPATH_SEARCH_PATHS = (
					"$(inherited)",
					"@executable_path/Frameworks",
				);
				PRODUCT_BUNDLE_IDENTIFIER = com.medireminder.app;
				SDKROOT = iphoneos;
				TARGETED_DEVICE_FAMILY = "1,2";
			};
			name = Release;
		};
		D5241B89AB32E95D8016E8A4 /* Debug */ = {
			isa = XCBuildConfiguration;
			buildSettings = {
				ASSETCATALOG_COMPILER_APPICON_NAME = AppIcon;
				CODE_SIGN_IDENTITY = "iPhone Developer";
				CODE_SIGN_STYLE = Automatic;
				INFOPLIST_FILE = MediReminder/Resources/Info.plist;
				IPHONEOS_DEPLOYMENT_TARGET = 17.0;
				LD_RUNPATH_SEARCH_PATHS = (
					"$(inherited)",
					"@executable_path/Frameworks",
				);
				PRODUCT_BUNDLE_IDENTIFIER = com.medireminder.app;
				SDKROOT = iphoneos;
				TARGETED_DEVICE_FAMILY = "1,2";
			};
			name = Debug;
		};
		F045AC70611383F170095DB3 /* Release */ = {
			isa = XCBuildConfiguration;
			buildSettings = {
				BUNDLE_LOADER = "$(TEST_HOST)";
				IPHONEOS_DEPLOYMENT_TARGET = 17.0;
				LD_RUNPATH_SEARCH_PATHS = (
					"$(inherited)",
					"@executable_path/Frameworks",
					"@loader_path/Frameworks",
				);
				PRODUCT_BUNDLE_IDENTIFIER = com.medireminder.tests;
				SDKROOT = iphoneos;
				TARGETED_DEVICE_FAMILY = "1,2";
				TEST_HOST = "$(BUILT_PRODUCTS_DIR)/MediReminder.app/MediReminder";
			};
			name = Release;
		};
/* End XCBuildConfiguration section */

/* Begin XCConfigurationList section */
		16F34807B4683B2FC80EAFD0 /* Build configuration list for PBXNativeTarget "MediReminderTests" */ = {
			isa = XCConfigurationList;
			buildConfigurations = (
				4114539E89328249B259D7CE /* Debug */,
				F045AC70611383F170095DB3 /* Release */,
			);
			defaultConfigurationIsVisible = 0;
			defaultConfigurationName = Debug;
		};
		5A8346C200B375596634A183 /* Build configuration list for PBXNativeTarget "MediReminder" */ = {
			isa = XCConfigurationList;
			buildConfigurations = (
				D5241B89AB32E95D8016E8A4 /* Debug */,
				6523C88597BE62E7CE60E2CF /* Release */,
			);
			defaultConfigurationIsVisible = 0;
			defaultConfigurationName = Debug;
		};
		AA5709F814F69AE7D8EB188B /* Build configuration list for PBXProject "MediReminder" */ = {
			isa = XCConfigurationList;
			buildConfigurations = (
				45051B4AA214EC471DD66125 /* Debug */,
				0AC65306C59F4259DB250942 /* Release */,
			);
			defaultConfigurationIsVisible = 0;
			defaultConfigurationName = Debug;
		};
/* End XCConfigurationList section */

/* Begin XCRemoteSwiftPackageReference section */
		83FC930F81F61454B27E4AAF /* XCRemoteSwiftPackageReference "firebase-ios-sdk" */ = {
			isa = XCRemoteSwiftPackageReference;
			repositoryURL = "https://github.com/firebase/firebase-ios-sdk.git";
			requirement = {
				kind = upToNextMajorVersion;
				minimumVersion = 11.0.0;
			};
		};
/* End XCRemoteSwiftPackageReference section */

/* Begin XCSwiftPackageProductDependency section */
		7FC8E75ADA651E5D34109F56 /* FirebaseFirestore */ = {
			isa = XCSwiftPackageProductDependency;
			package = 83FC930F81F61454B27E4AAF /* XCRemoteSwiftPackageReference "firebase-ios-sdk" */;
			productName = FirebaseFirestore;
		};
		8721E12A66B89B40E6D2A6ED /* FirebaseAuth */ = {
			isa = XCSwiftPackageProductDependency;
			package = 83FC930F81F61454B27E4AAF /* XCRemoteSwiftPackageReference "firebase-ios-sdk" */;
			productName = FirebaseAuth;
		};
		EC5B0C3D1DAC4C6E99690035 /* FirebaseCore */ = {
			isa = XCSwiftPackageProductDependency;
			package = 83FC930F81F61454B27E4AAF /* XCRemoteSwiftPackageReference "firebase-ios-sdk" */;
			productName = FirebaseCore;
		};
/* End XCSwiftPackageProductDependency section */
	};
	rootObject = 3ECE8F41976F04F8674FF383 /* Project object */;
}
